
Microsoft Visual Studio Solution File, Format Version 12.00
# Visual Studio Version 16
VisualStudioVersion = 16.0.30204.135
MinimumVisualStudioVersion = 10.0.40219.1
Project("{9A19103F-16F7-4668-BE54-9A1E7A4F7556}") = "TCP_Server", "TCP_Server.csproj", "{747C7105-2A00-4500-B904-B0DB07EF1AFE}"
EndProject
Project("{2150E333-8FDC-42A3-9474-1A3956D46DE8}") = "Solution Items", "Solution Items", "{709F3A02-4BF0-432C-B640-28764AE38086}"
	ProjectSection(SolutionItems) = preProject
		.editorconfig = .editorconfig
	EndProjectSection
EndProject
Global
	GlobalSection(SolutionConfigurationPlatforms) = preSolution
		Debug|Any CPU = Debug|Any CPU
		Release|Any CPU = Release|Any CPU
	EndGlobalSection
	GlobalSection(ProjectConfigurationPlatforms) = postSolution
		{747C7105-2A00-4500-B904-B0DB07EF1AFE}.Debug|Any CPU.ActiveCfg = Debug|Any CPU
		{747C7105-2A00-4500-B904-B0DB07EF1AFE}.Debug|Any CPU.Build.0 = Debug|Any CPU
		{747C7105-2A00-4500-B904-B0DB07EF1AFE}.Release|Any CPU.ActiveCfg = Release|Any CPU
		{747C7105-2A00-4500-B904-B0DB07EF1AFE}.Release|Any CPU.Build.0 = Release|Any CPU
	EndGlobalSection
	GlobalSection(SolutionProperties) = preSolution
		HideSolutionNode = FALSE
	EndGlobalSection
	GlobalSection(ExtensibilityGlobals) = postSolution
		SolutionGuid = {504AC099-E42F-42F1-AEE9-8899DE78FECF}
	EndGlobalSection
EndGlobal
